
Microsoft Visual Studio Solution File, Format Version 12.00
# Visual Studio 15
VisualStudioVersion = 15.0.27428.2005
MinimumVisualStudioVersion = 10.0.40219.1
Project("{FAE04EC0-301F-11D3-BF4B-00C04F79EFBC}") = "interfazDemo.Android", "interfazDemo\interfazDemo.Android\interfazDemo.Android.csproj", "{0DACFDF9-320B-4814-8D93-BAA0A0771B9E}"
EndProject
Project("{FAE04EC0-301F-11D3-BF4B-00C04F79EFBC}") = "interfazDemo.iOS", "interfazDemo\interfazDemo.iOS\interfazDemo.iOS.csproj", "{656FD951-4784-4D65-981C-FC86BE57C680}"
EndProject
Project("{FAE04EC0-301F-11D3-BF4B-00C04F79EFBC}") = "interfazDemo", "interfazDemo\interfazDemo\interfazDemo.csproj", "{3171D7A8-436F-46E9-9A16-14A5B57A1019}"
EndProject
Global
	GlobalSection(SolutionConfigurationPlatforms) = preSolution
		Ad-Hoc|Any CPU = Ad-Hoc|Any CPU
		Ad-Hoc|iPhone = Ad-Hoc|iPhone
		Ad-Hoc|iPhoneSimulator = Ad-Hoc|iPhoneSimulator
		AppStore|Any CPU = AppStore|Any CPU
		AppStore|iPhone = AppStore|iPhone
		AppStore|iPhoneSimulator = AppStore|iPhoneSimulator
		Debug|Any CPU = Debug|Any CPU
		Debug|iPhone = Debug|iPhone
		Debug|iPhoneSimulator = Debug|iPhoneSimulator
		Release|Any CPU = Release|Any CPU
		Release|iPhone = Release|iPhone
		Release|iPhoneSimulator = Release|iPhoneSimulator
	EndGlobalSection
	GlobalSection(ProjectConfigurationPlatforms) = postSolution
		{0DACFDF9-320B-4814-8D93-BAA0A0771B9E}.Ad-Hoc|Any CPU.ActiveCfg = Release|Any CPU
		{0DACFDF9-320B-4814-8D93-BAA0A0771B9E}.Ad-Hoc|Any CPU.Build.0 = Release|Any CPU
		{0DACFDF9-320B-4814-8D93-BAA0A0771B9E}.Ad-Hoc|Any CPU.Deploy.0 = Release|Any CPU
		{0DACFDF9-320B-4814-8D93-BAA0A0771B9E}.Ad-Hoc|iPhone.ActiveCfg = Release|Any CPU
		{0DACFDF9-320B-4814-8D93-BAA0A0771B9E}.Ad-Hoc|iPhone.Build.0 = Release|Any CPU
		{0DACFDF9-320B-4814-8D93-BAA0A0771B9E}.Ad-Hoc|iPhone.Deploy.0 = Release|Any CPU
		{0DACFDF9-320B-4814-8D93-BAA0A0771B9E}.Ad-Hoc|iPhoneSimulator.ActiveCfg = Release|Any CPU
		{0DACFDF9-320B-4814-8D93-BAA0A0771B9E}.Ad-Hoc|iPhoneSimulator.Build.0 = Release|Any CPU
		{0DACFDF9-320B-4814-8D93-BAA0A0771B9E}.Ad-Hoc|iPhoneSimulator.Deploy.0 = Release|Any CPU
		{0DACFDF9-320B-4814-8D93-BAA0A0771B9E}.AppStore|Any CPU.ActiveCfg = Release|Any CPU
		{0DACFDF9-320B-4814-8D93-BAA0A0771B9E}.AppStore|Any CPU.Build.0 = Release|Any CPU
		{0DACFDF9-320B-4814-8D93-BAA0A0771B9E}.AppStore|Any CPU.Deploy.0 = Release|Any CPU
		{0DACFDF9-320B-4814-8D93-BAA0A0771B9E}.AppStore|iPhone.ActiveCfg = Release|Any CPU
		{0DACFDF9-320B-4814-8D93-BAA0A0771B9E}.AppStore|iPhone.Build.0 = Release|Any CPU
		{0DACFDF9-320B-4814-8D93-BAA0A0771B9E}.AppStore|iPhone.Deploy.0 = Release|Any CPU
		{0DACFDF9-320B-4814-8D93-BAA0A0771B9E}.AppStore|iPhoneSimulator.ActiveCfg = Release|Any CPU
		{0DACFDF9-320B-4814-8D93-BAA0A0771B9E}.AppStore|iPhoneSimulator.Build.0 = Release|Any CPU
		{0DACFDF9-320B-4814-8D93-BAA0A0771B9E}.AppStore|iPhoneSimulator.Deploy.0 = Release|Any CPU
		{0DACFDF9-320B-4814-8D93-BAA0A0771B9E}.Debug|Any CPU.ActiveCfg = Debug|Any CPU
		{0DACFDF9-320B-4814-8D93-BAA0A0771B9E}.Debug|Any CPU.Build.0 = Debug|Any CPU
		{0DACFDF9-320B-4814-8D93-BAA0A0771B9E}.Debug|Any CPU.Deploy.0 = Debug|Any CPU
		{0DACFDF9-320B-4814-8D93-BAA0A0771B9E}.Debug|iPhone.ActiveCfg = Debug|Any CPU
		{0DACFDF9-320B-4814-8D93-BAA0A0771B9E}.Debug|iPhone.Build.0 = Debug|Any CPU
		{0DACFDF9-320B-4814-8D93-BAA0A0771B9E}.Debug|iPhone.Deploy.0 = Debug|Any CPU
		{0DACFDF9-320B-4814-8D93-BAA0A0771B9E}.Debug|iPhoneSimulator.ActiveCfg = Debug|Any CPU
		{0DACFDF9-320B-4814-8D93-BAA0A0771B9E}.Debug|iPhoneSimulator.Build.0 = Debug|Any CPU
		{0DACFDF9-320B-4814-8D93-BAA0A0771B9E}.Debug|iPhoneSimulator.Deploy.0 = Debug|Any CPU
		{0DACFDF9-320B-4814-8D93-BAA0A0771B9E}.Release|Any CPU.ActiveCfg = Release|Any CPU
		{0DACFDF9-320B-4814-8D93-BAA0A0771B9E}.Release|Any CPU.Build.0 = Release|Any CPU
		{0DACFDF9-320B-4814-8D93-BAA0A0771B9E}.Release|Any CPU.Deploy.0 = Release|Any CPU
		{0DACFDF9-320B-4814-8D93-BAA0A0771B9E}.Release|iPhone.ActiveCfg = Release|Any CPU
		{0DACFDF9-320B-4814-8D93-BAA0A0771B9E}.Release|iPhone.Build.0 = Release|Any CPU
		{0DACFDF9-320B-4814-8D93-BAA0A0771B9E}.Release|iPhone.Deploy.0 = Release|Any CPU
		{0DACFDF9-320B-4814-8D93-BAA0A0771B9E}.Release|iPhoneSimulator.ActiveCfg = Release|Any CPU
		{0DACFDF9-320B-4814-8D93-BAA0A0771B9E}.Release|iPhoneSimulator.Build.0 = Release|Any CPU
		{0DACFDF9-320B-4814-8D93-BAA0A0771B9E}.Release|iPhoneSimulator.Deploy.0 = Release|Any CPU
		{656FD951-4784-4D65-981C-FC86BE57C680}.Ad-Hoc|Any CPU.ActiveCfg = Ad-Hoc|iPhone
		{656FD951-4784-4D65-981C-FC86BE57C680}.Ad-Hoc|iPhone.ActiveCfg = Ad-Hoc|iPhone
		{656FD951-4784-4D65-981C-FC86BE57C680}.Ad-Hoc|iPhone.Build.0 = Ad-Hoc|iPhone
		{656FD951-4784-4D65-981C-FC86BE57C680}.Ad-Hoc|iPhoneSimulator.ActiveCfg = Ad-Hoc|iPhoneSimulator
		{656FD951-4784-4D65-981C-FC86BE57C680}.Ad-Hoc|iPhoneSimulator.Build.0 = Ad-Hoc|iPhoneSimulator
		{656FD951-4784-4D65-981C-FC86BE57C680}.AppStore|Any CPU.ActiveCfg = AppStore|iPhone
		{656FD951-4784-4D65-981C-FC86BE57C680}.AppStore|iPhone.ActiveCfg = AppStore|iPhone
		{656FD951-4784-4D65-981C-FC86BE57C680}.AppStore|iPhone.Build.0 = AppStore|iPhone
		{656FD951-4784-4D65-981C-FC86BE57C680}.AppStore|iPhoneSimulator.ActiveCfg = AppStore|iPhoneSimulator
		{656FD951-4784-4D65-981C-FC86BE57C680}.AppStore|iPhoneSimulator.Build.0 = AppStore|iPhoneSimulator
		{656FD951-4784-4D65-981C-FC86BE57C680}.Debug|Any CPU.ActiveCfg = Debug|iPhone
		{656FD951-4784-4D65-981C-FC86BE57C680}.Debug|iPhone.ActiveCfg = Debug|iPhone
		{656FD951-4784-4D65-981C-FC86BE57C680}.Debug|iPhone.Build.0 = Debug|iPhone
		{656FD951-4784-4D65-981C-FC86BE57C680}.Debug|iPhoneSimulator.ActiveCfg = Debug|iPhoneSimulator
		{656FD951-4784-4D65-981C-FC86BE57C680}.Debug|iPhoneSimulator.Build.0 = Debug|iPhoneSimulator
		{656FD951-4784-4D65-981C-FC86BE57C680}.Release|Any CPU.ActiveCfg = Release|iPhone
		{656FD951-4784-4D65-981C-FC86BE57C680}.Release|iPhone.ActiveCfg = Release|iPhone
		{656FD951-4784-4D65-981C-FC86BE57C680}.Release|iPhone.Build.0 = Release|iPhone
		{656FD951-4784-4D65-981C-FC86BE57C680}.Release|iPhoneSimulator.ActiveCfg = Release|iPhoneSimulator
		{656FD951-4784-4D65-981C-FC86BE57C680}.Release|iPhoneSimulator.Build.0 = Release|iPhoneSimulator
		{3171D7A8-436F-46E9-9A16-14A5B57A1019}.Ad-Hoc|Any CPU.ActiveCfg = Debug|Any CPU
		{3171D7A8-436F-46E9-9A16-14A5B57A1019}.Ad-Hoc|Any CPU.Build.0 = Debug|Any CPU
		{3171D7A8-436F-46E9-9A16-14A5B57A1019}.Ad-Hoc|iPhone.ActiveCfg = Debug|Any CPU
		{3171D7A8-436F-46E9-9A16-14A5B57A1019}.Ad-Hoc|iPhone.Build.0 = Debug|Any CPU
		{3171D7A8-436F-46E9-9A16-14A5B57A1019}.Ad-Hoc|iPhoneSimulator.ActiveCfg = Debug|Any CPU
		{3171D7A8-436F-46E9-9A16-14A5B57A1019}.Ad-Hoc|iPhoneSimulator.Build.0 = Debug|Any CPU
		{3171D7A8-436F-46E9-9A16-14A5B57A1019}.AppStore|Any CPU.ActiveCfg = Debug|Any CPU
		{3171D7A8-436F-46E9-9A16-14A5B57A1019}.AppStore|Any CPU.Build.0 = Debug|Any CPU
		{3171D7A8-436F-46E9-9A16-14A5B57A1019}.AppStore|iPhone.ActiveCfg = Debug|Any CPU
		{3171D7A8-436F-46E9-9A16-14A5B57A1019}.AppStore|iPhone.Build.0 = Debug|Any CPU
		{3171D7A8-436F-46E9-9A16-14A5B57A1019}.AppStore|iPhoneSimulator.ActiveCfg = Debug|Any CPU
		{3171D7A8-436F-46E9-9A16-14A5B57A1019}.AppStore|iPhoneSimulator.Build.0 = Debug|Any CPU
		{3171D7A8-436F-46E9-9A16-14A5B57A1019}.Debug|Any CPU.ActiveCfg = Debug|Any CPU
		{3171D7A8-436F-46E9-9A16-14A5B57A1019}.Debug|Any CPU.Build.0 = Debug|Any CPU
		{3171D7A8-436F-46E9-9A16-14A5B57A1019}.Debug|iPhone.ActiveCfg = Debug|Any CPU
		{3171D7A8-436F-46E9-9A16-14A5B57A1019}.Debug|iPhone.Build.0 = Debug|Any CPU
		{3171D7A8-436F-46E9-9A16-14A5B57A1019}.Debug|iPhoneSimulator.ActiveCfg = Debug|Any CPU
		{3171D7A8-436F-46E9-9A16-14A5B57A1019}.Debug|iPhoneSimulator.Build.0 = Debug|Any CPU
		{3171D7A8-436F-46E9-9A16-14A5B57A1019}.Release|Any CPU.ActiveCfg = Release|Any CPU
		{3171D7A8-436F-46E9-9A16-14A5B57A1019}.Release|Any CPU.Build.0 = Release|Any CPU
		{3171D7A8-436F-46E9-9A16-14A5B57A1019}.Release|iPhone.ActiveCfg = Release|Any CPU
		{3171D7A8-436F-46E9-9A16-14A5B57A1019}.Release|iPhone.Build.0 = Release|Any CPU
		{3171D7A8-436F-46E9-9A16-14A5B57A1019}.Release|iPhoneSimulator.ActiveCfg = Release|Any CPU
		{3171D7A8-436F-46E9-9A16-14A5B57A1019}.Release|iPhoneSimulator.Build.0 = Release|Any CPU
	EndGlobalSection
	GlobalSection(SolutionProperties) = preSolution
		HideSolutionNode = FALSE
	EndGlobalSection
	GlobalSection(ExtensibilityGlobals) = postSolution
		SolutionGuid = {7C5935D6-7651-4492-A0EC-84E0C003C8A8}
	EndGlobalSection
EndGlobal
